
Microsoft Visual Studio Solution File, Format Version 12.00
# Visual Studio Version 17
VisualStudioVersion = 17.9.34607.119
MinimumVisualStudioVersion = 10.0.40219.1
Project("{FAE04EC0-301F-11D3-BF4B-00C04F79EFBC}") = "excelApp", "excelApp\excelApp.csproj", "{22AC6297-1919-43A0-974C-1CB610FC191F}"
EndProject
Global
	GlobalSection(SolutionConfigurationPlatforms) = preSolution
		Debug|Any CPU = Debug|Any CPU
		Release|Any CPU = Release|Any CPU
	EndGlobalSection
	GlobalSection(ProjectConfigurationPlatforms) = postSolution
		{22AC6297-1919-43A0-974C-1CB610FC191F}.Debug|Any CPU.ActiveCfg = Debug|Any CPU
		{22AC6297-1919-43A0-974C-1CB610FC191F}.Debug|Any CPU.Build.0 = Debug|Any CPU
		{22AC6297-1919-43A0-974C-1CB610FC191F}.Release|Any CPU.ActiveCfg = Release|Any CPU
		{22AC6297-1919-43A0-974C-1CB610FC191F}.Release|Any CPU.Build.0 = Release|Any CPU
	EndGlobalSection
	GlobalSection(SolutionProperties) = preSolution
		HideSolutionNode = FALSE
	EndGlobalSection
	GlobalSection(ExtensibilityGlobals) = postSolution
		SolutionGuid = {8CB11C92-8ACD-43C4-8212-98F28C7747C4}
	EndGlobalSection
EndGlobal
